
Microsoft Visual Studio Solution File, Format Version 12.00
# Visual Studio 15
VisualStudioVersion = 15.0.27703.2000
MinimumVisualStudioVersion = 10.0.40219.1
Project("{FAE04EC0-301F-11D3-BF4B-00C04F79EFBC}") = "HiTechWinFrm", "WinFrmFProj\HiTechWinFrm.csproj", "{9C19A2CB-0567-45AA-9B96-26BECC2E47DD}"
	ProjectSection(ProjectDependencies) = postProject
		{671C1BF1-2E22-4071-B1C7-2B35954B7E31} = {671C1BF1-2E22-4071-B1C7-2B35954B7E31}
	EndProjectSection
EndProject
Project("{FAE04EC0-301F-11D3-BF4B-00C04F79EFBC}") = "HiTech", "..\HiTech\HiTech\HiTech.csproj", "{671C1BF1-2E22-4071-B1C7-2B35954B7E31}"
EndProject
Global
	GlobalSection(SolutionConfigurationPlatforms) = preSolution
		Debug|Any CPU = Debug|Any CPU
		Release|Any CPU = Release|Any CPU
	EndGlobalSection
	GlobalSection(ProjectConfigurationPlatforms) = postSolution
		{9C19A2CB-0567-45AA-9B96-26BECC2E47DD}.Debug|Any CPU.ActiveCfg = Debug|Any CPU
		{9C19A2CB-0567-45AA-9B96-26BECC2E47DD}.Debug|Any CPU.Build.0 = Debug|Any CPU
		{9C19A2CB-0567-45AA-9B96-26BECC2E47DD}.Release|Any CPU.ActiveCfg = Release|Any CPU
		{9C19A2CB-0567-45AA-9B96-26BECC2E47DD}.Release|Any CPU.Build.0 = Release|Any CPU
		{671C1BF1-2E22-4071-B1C7-2B35954B7E31}.Debug|Any CPU.ActiveCfg = Debug|Any CPU
		{671C1BF1-2E22-4071-B1C7-2B35954B7E31}.Debug|Any CPU.Build.0 = Debug|Any CPU
		{671C1BF1-2E22-4071-B1C7-2B35954B7E31}.Release|Any CPU.ActiveCfg = Release|Any CPU
		{671C1BF1-2E22-4071-B1C7-2B35954B7E31}.Release|Any CPU.Build.0 = Release|Any CPU
	EndGlobalSection
	GlobalSection(SolutionProperties) = preSolution
		HideSolutionNode = FALSE
	EndGlobalSection
	GlobalSection(ExtensibilityGlobals) = postSolution
		SolutionGuid = {E9FE9368-0F83-4CA6-B9E8-DC6CB8817CAD}
	EndGlobalSection
EndGlobal
